{
  "name": "ouroboros-selftest-npm",
  "version": "0.0.0",
  "lockfileVersion": 3,
  "requires": true,
  "packages": {
    "": {
      "name": "ouroboros-selftest-npm",
      "version": "0.0.0"
    },
    "node_modules/ouroboros-selftest-evil": {
      "version": "0.0.0",
      "resolved": "https://registry.npmjs.org/ouroboros-selftest-evil/-/ouroboros-selftest-evil-0.0.0.tgz"
    }
  }
}
